
Microsoft Visual Studio Solution File, Format Version 12.00
# Visual Studio 15
VisualStudioVersion = 15.0.27130.2027
MinimumVisualStudioVersion = 10.0.40219.1
Project("{FAE04EC0-301F-11D3-BF4B-00C04F79EFBC}") = "Integrant.MRR.WebAPI", "Integrant.MRR.WebAPI\Integrant.MRR.WebAPI.csproj", "{ED873D94-BFE4-44AF-9184-3DF7CD76A1C5}"
EndProject
Global
	GlobalSection(SolutionConfigurationPlatforms) = preSolution
		Debug|Any CPU = Debug|Any CPU
		Release|Any CPU = Release|Any CPU
	EndGlobalSection
	GlobalSection(ProjectConfigurationPlatforms) = postSolution
		{ED873D94-BFE4-44AF-9184-3DF7CD76A1C5}.Debug|Any CPU.ActiveCfg = Debug|Any CPU
		{ED873D94-BFE4-44AF-9184-3DF7CD76A1C5}.Debug|Any CPU.Build.0 = Debug|Any CPU
		{ED873D94-BFE4-44AF-9184-3DF7CD76A1C5}.Release|Any CPU.ActiveCfg = Release|Any CPU
		{ED873D94-BFE4-44AF-9184-3DF7CD76A1C5}.Release|Any CPU.Build.0 = Release|Any CPU
	EndGlobalSection
	GlobalSection(SolutionProperties) = preSolution
		HideSolutionNode = FALSE
	EndGlobalSection
	GlobalSection(ExtensibilityGlobals) = postSolution
		SolutionGuid = {9917470B-018B-469F-A5B3-1F8D866D442E}
	EndGlobalSection
EndGlobal
